
Microsoft Visual Studio Solution File, Format Version 12.00
# Visual Studio Version 17
VisualStudioVersion = 17.14.36616.10
MinimumVisualStudioVersion = 10.0.40219.1
Project("{FAE04EC0-301F-11D3-BF4B-00C04F79EFBC}") = "Doc", "Doc.csproj", "{AE14C897-6885-4778-BD1D-FE638A956410}"
EndProject
Global
	GlobalSection(SolutionConfigurationPlatforms) = preSolution
		Debug|Any CPU = Debug|Any CPU
		ExportDebug|Any CPU = ExportDebug|Any CPU
		ExportRelease|Any CPU = ExportRelease|Any CPU
	EndGlobalSection
	GlobalSection(ProjectConfigurationPlatforms) = postSolution
		{AE14C897-6885-4778-BD1D-FE638A956410}.Debug|Any CPU.ActiveCfg = Debug|Any CPU
		{AE14C897-6885-4778-BD1D-FE638A956410}.Debug|Any CPU.Build.0 = Debug|Any CPU
		{AE14C897-6885-4778-BD1D-FE638A956410}.ExportDebug|Any CPU.ActiveCfg = ExportDebug|Any CPU
		{AE14C897-6885-4778-BD1D-FE638A956410}.ExportDebug|Any CPU.Build.0 = ExportDebug|Any CPU
		{AE14C897-6885-4778-BD1D-FE638A956410}.ExportRelease|Any CPU.ActiveCfg = ExportRelease|Any CPU
		{AE14C897-6885-4778-BD1D-FE638A956410}.ExportRelease|Any CPU.Build.0 = ExportRelease|Any CPU
	EndGlobalSection
	GlobalSection(SolutionProperties) = preSolution
		HideSolutionNode = FALSE
	EndGlobalSection
	GlobalSection(ExtensibilityGlobals) = postSolution
		SolutionGuid = {1514E352-F12D-4D58-8C4B-302967C84167}
	EndGlobalSection
EndGlobal
